
Microsoft Visual Studio Solution File, Format Version 12.00
# Visual Studio Version 16
VisualStudioVersion = 16.0.33529.622
MinimumVisualStudioVersion = 10.0.40219.1
Project("{FAE04EC0-301F-11D3-BF4B-00C04F79EFBC}") = "Lab1", "Lab1\Lab1.csproj", "{E913CDC2-4DBC-4F7E-B697-F286AAF39BE6}"
EndProject
Global
	GlobalSection(SolutionConfigurationPlatforms) = preSolution
		Debug|Any CPU = Debug|Any CPU
		Release|Any CPU = Release|Any CPU
	EndGlobalSection
	GlobalSection(ProjectConfigurationPlatforms) = postSolution
		{E913CDC2-4DBC-4F7E-B697-F286AAF39BE6}.Debug|Any CPU.ActiveCfg = Debug|Any CPU
		{E913CDC2-4DBC-4F7E-B697-F286AAF39BE6}.Debug|Any CPU.Build.0 = Debug|Any CPU
		{E913CDC2-4DBC-4F7E-B697-F286AAF39BE6}.Release|Any CPU.ActiveCfg = Release|Any CPU
		{E913CDC2-4DBC-4F7E-B697-F286AAF39BE6}.Release|Any CPU.Build.0 = Release|Any CPU
	EndGlobalSection
	GlobalSection(SolutionProperties) = preSolution
		HideSolutionNode = FALSE
	EndGlobalSection
	GlobalSection(ExtensibilityGlobals) = postSolution
		SolutionGuid = {06F726DC-5E84-4F89-BF48-AF010DD9C1EE}
	EndGlobalSection
EndGlobal
